
Microsoft Visual Studio Solution File, Format Version 12.00
# Visual Studio Version 16
VisualStudioVersion = 16.0.29806.167
MinimumVisualStudioVersion = 10.0.40219.1
Project("{9A19103F-16F7-4668-BE54-9A1E7A4F7556}") = "JG.TechLearning.ConsoleApp.StateMachine", "JG.TechLearning.ConsoleApp.StateMachine.csproj", "{9FFC7E2D-4EE8-4DE7-AF9A-E686A2DF86C5}"
EndProject
Project("{FAE04EC0-301F-11D3-BF4B-00C04F79EFBC}") = "JG.TechLearning.ConsoleApp.UnitTests", "..\JG.TechLearning.ConsoleApp.UnitTests\JG.TechLearning.ConsoleApp.UnitTests.csproj", "{69C297B1-CEE5-4D6B-9470-5AF6010DA7CD}"
EndProject
Global
	GlobalSection(SolutionConfigurationPlatforms) = preSolution
		Debug|Any CPU = Debug|Any CPU
		Release|Any CPU = Release|Any CPU
	EndGlobalSection
	GlobalSection(ProjectConfigurationPlatforms) = postSolution
		{9FFC7E2D-4EE8-4DE7-AF9A-E686A2DF86C5}.Debug|Any CPU.ActiveCfg = Debug|Any CPU
		{9FFC7E2D-4EE8-4DE7-AF9A-E686A2DF86C5}.Debug|Any CPU.Build.0 = Debug|Any CPU
		{9FFC7E2D-4EE8-4DE7-AF9A-E686A2DF86C5}.Release|Any CPU.ActiveCfg = Release|Any CPU
		{9FFC7E2D-4EE8-4DE7-AF9A-E686A2DF86C5}.Release|Any CPU.Build.0 = Release|Any CPU
		{69C297B1-CEE5-4D6B-9470-5AF6010DA7CD}.Debug|Any CPU.ActiveCfg = Debug|Any CPU
		{69C297B1-CEE5-4D6B-9470-5AF6010DA7CD}.Debug|Any CPU.Build.0 = Debug|Any CPU
		{69C297B1-CEE5-4D6B-9470-5AF6010DA7CD}.Release|Any CPU.ActiveCfg = Release|Any CPU
		{69C297B1-CEE5-4D6B-9470-5AF6010DA7CD}.Release|Any CPU.Build.0 = Release|Any CPU
	EndGlobalSection
	GlobalSection(SolutionProperties) = preSolution
		HideSolutionNode = FALSE
	EndGlobalSection
	GlobalSection(ExtensibilityGlobals) = postSolution
		SolutionGuid = {C5DA6BD0-D7A6-4BB2-9B40-C85E20DF5DBE}
	EndGlobalSection
EndGlobal
